// !$*UTF8*$!
{
	archiveVersion = 1;
	classes = {
	};
	objectVersion = 48;
	objects = {

/* Begin PBXBuildFile section */
		01BB1C1E1FAA5C0400C8EEB1 /* AppDelegate.swift in Sources */ = {isa = PBXBuildFile; fileRef = 01BB1C1D1FAA5C0400C8EEB1 /* AppDelegate.swift */; };
		01BB1C231FAA5C0400C8EEB1 /* Main.storyboard in Resources */ = {isa = PBXBuildFile; fileRef = 01BB1C211FAA5C0400C8EEB1 /* Main.storyboard */; };
		01BB1C251FAA5C0400C8EEB1 /* Assets.xcassets in Resources */ = {isa = PBXBuildFile; fileRef = 01BB1C241FAA5C0400C8EEB1 /* Assets.xcassets */; };
		01BB1C281FAA5C0400C8EEB1 /* LaunchScreen.storyboard in Resources */ = {isa = PBXBuildFile; fileRef = 01BB1C261FAA5C0400C8EEB1 /* LaunchScreen.storyboard */; };
		01BB1C351FAA648800C8EEB1 /* Artist.swift in Sources */ = {isa = PBXBuildFile; fileRef = 01BB1C341FAA648800C8EEB1 /* Artist.swift */; };
		01BB1C371FAA6BF600C8EEB1 /* BandController.swift in Sources */ = {isa = PBXBuildFile; fileRef = 01BB1C361FAA6BF600C8EEB1 /* BandController.swift */; };
/* End PBXBuildFile section */

/* Begin PBXFileReference section */
		01BB1C1A1FAA5C0400C8EEB1 /* iTunesSearch.app */ = {isa = PBXFileReference; explicitFileType = wrapper.application; includeInIndex = 0; path = iTunesSearch.app; sourceTree = BUILT_PRODUCTS_DIR; };
		01BB1C1D1FAA5C0400C8EEB1 /* AppDelegate.swift */ = {isa = PBXFileReference; lastKnownFileType = sourcecode.swift; path = AppDelegate.swift; sourceTree = "<group>"; };
		01BB1C221FAA5C0400C8EEB1 /* Base */ = {isa = PBXFileReference; lastKnownFileType = file.storyboard; name = Base; path = Base.lproj/Main.storyboard; sourceTree = "<group>"; };
		01BB1C241FAA5C0400C8EEB1 /* Assets.xcassets */ = {isa = PBXFileReference; lastKnownFileType = folder.assetcatalog; path = Assets.xcassets; sourceTree = "<group>"; };
		01BB1C271FAA5C0400C8EEB1 /* Base */ = {isa = PBXFileReference; lastKnownFileType = file.storyboard; name = Base; path = Base.lproj/LaunchScreen.storyboard; sourceTree = "<group>"; };
		01BB1C291FAA5C0400C8EEB1 /* Info.plist */ = {isa = PBXFileReference; lastKnownFileType = text.plist.xml; path = Info.plist; sourceTree = "<group>"; };
		01BB1C341FAA648800C8EEB1 /* Artist.swift */ = {isa = PBXFileReference; lastKnownFileType = sourcecode.swift; path = Artist.swift; sourceTree = "<group>"; };
		01BB1C361FAA6BF600C8EEB1 /* BandController.swift */ = {isa = PBXFileReference; lastKnownFileType = sourcecode.swift; path = BandController.swift; sourceTree = "<group>"; };
/* End PBXFileReference section */

/* Begin PBXFrameworksBuildPhase section */
		01BB1C171FAA5C0400C8EEB1 /* Frameworks */ = {
			isa = PBXFrameworksBuildPhase;
			buildActionMask = 2147483647;
			files = (
			);
			runOnlyForDeploymentPostprocessing = 0;
		};
/* End PBXFrameworksBuildPhase section */

/* Begin PBXGroup section */
		01BB1C111FAA5C0400C8EEB1 = {
			isa = PBXGroup;
			children = (
				01BB1C1C1FAA5C0400C8EEB1 /* iTunesSearch */,
				01BB1C1B1FAA5C0400C8EEB1 /* Products */,
			);
			sourceTree = "<group>";
		};
		01BB1C1B1FAA5C0400C8EEB1 /* Products */ = {
			isa = PBXGroup;
			children = (
				01BB1C1A1FAA5C0400C8EEB1 /* iTunesSearch.app */,
			);
			name = Products;
			sourceTree = "<group>";
		};
		01BB1C1C1FAA5C0400C8EEB1 /* iTunesSearch */ = {
			isa = PBXGroup;
			children = (
				01BB1C321FAA5C2E00C8EEB1 /* UI */,
				01BB1C311FAA5C1E00C8EEB1 /* View Controller */,
				01BB1C301FAA5C1600C8EEB1 /* Model Controller */,
				01BB1C2F1FAA5C1000C8EEB1 /* Model */,
				01BB1C331FAA5C3D00C8EEB1 /* Resources */,
			);
			path = iTunesSearch;
			sourceTree = "<group>";
		};
		01BB1C2F1FAA5C1000C8EEB1 /* Model */ = {
			isa = PBXGroup;
			children = (
				01BB1C341FAA648800C8EEB1 /* Artist.swift */,
			);
			path = Model;
			sourceTree = "<group>";
		};
		01BB1C301FAA5C1600C8EEB1 /* Model Controller */ = {
			isa = PBXGroup;
			children = (
				01BB1C361FAA6BF600C8EEB1 /* BandController.swift */,
			);
			path = "Model Controller";
			sourceTree = "<group>";
		};
		01BB1C311FAA5C1E00C8EEB1 /* View Controller */ = {
			isa = PBXGroup;
			children = (
			);
			path = "View Controller";
			sourceTree = "<group>";
		};
		01BB1C321FAA5C2E00C8EEB1 /* UI */ = {
			isa = PBXGroup;
			children = (
				01BB1C211FAA5C0400C8EEB1 /* Main.storyboard */,
				01BB1C261FAA5C0400C8EEB1 /* LaunchScreen.storyboard */,
			);
			path = UI;
			sourceTree = "<group>";
		};
		01BB1C331FAA5C3D00C8EEB1 /* Resources */ = {
			isa = PBXGroup;
			children = (
				01BB1C1D1FAA5C0400C8EEB1 /* AppDelegate.swift */,
				01BB1C241FAA5C0400C8EEB1 /* Assets.xcassets */,
				01BB1C291FAA5C0400C8EEB1 /* Info.plist */,
			);
			path = Resources;
			sourceTree = "<group>";
		};
/* End PBXGroup section */

/* Begin PBXNativeTarget section */
		01BB1C191FAA5C0400C8EEB1 /* iTunesSearch */ = {
			isa = PBXNativeTarget;
			buildConfigurationList = 01BB1C2C1FAA5C0400C8EEB1 /* Build configuration list for PBXNativeTarget "iTunesSearch" */;
			buildPhases = (
				01BB1C161FAA5C0400C8EEB1 /* Sources */,
				01BB1C171FAA5C0400C8EEB1 /* Frameworks */,
				01BB1C181FAA5C0400C8EEB1 /* Resources */,
			);
			buildRules = (
			);
			dependencies = (
			);
			name = iTunesSearch;
			productName = iTunesSearch;
			productReference = 01BB1C1A1FAA5C0400C8EEB1 /* iTunesSearch.app */;
			productType = "com.apple.product-type.application";
		};
/* End PBXNativeTarget section */

/* Begin PBXProject section */
		01BB1C121FAA5C0400C8EEB1 /* Project object */ = {
			isa = PBXProject;
			attributes = {
				LastSwiftUpdateCheck = 0900;
				LastUpgradeCheck = 0900;
				ORGANIZATIONNAME = "Nick Reichard";
				TargetAttributes = {
					01BB1C191FAA5C0400C8EEB1 = {
						CreatedOnToolsVersion = 9.0.1;
						ProvisioningStyle = Automatic;
					};
				};
			};
			buildConfigurationList = 01BB1C151FAA5C0400C8EEB1 /* Build configuration list for PBXProject "iTunesSearch" */;
			compatibilityVersion = "Xcode 8.0";
			developmentRegion = en;
			hasScannedForEncodings = 0;
			knownRegions = (
				en,
				Base,
			);
			mainGroup = 01BB1C111FAA5C0400C8EEB1;
			productRefGroup = 01BB1C1B1FAA5C0400C8EEB1 /* Products */;
			projectDirPath = "";
			projectRoot = "";
			targets = (
				01BB1C191FAA5C0400C8EEB1 /* iTunesSearch */,
			);
		};
/* End PBXProject section */

/* Begin PBXResourcesBuildPhase section */
		01BB1C181FAA5C0400C8EEB1 /* Resources */ = {
			isa = PBXResourcesBuildPhase;
			buildActionMask = 2147483647;
			files = (
				01BB1C281FAA5C0400C8EEB1 /* LaunchScreen.storyboard in Resources */,
				01BB1C251FAA5C0400C8EEB1 /* Assets.xcassets in Resources */,
				01BB1C231FAA5C0400C8EEB1 /* Main.storyboard in Resources */,
			);
			runOnlyForDeploymentPostprocessing = 0;
		};
/* End PBXResourcesBuildPhase section */

/* Begin PBXSourcesBuildPhase section */
		01BB1C161FAA5C0400C8EEB1 /* Sources */ = {
			isa = PBXSourcesBuildPhase;
			buildActionMask = 2147483647;
			files = (
				01BB1C351FAA648800C8EEB1 /* Artist.swift in Sources */,
				01BB1C1E1FAA5C0400C8EEB1 /* AppDelegate.swift in Sources */,
				01BB1C371FAA6BF600C8EEB1 /* BandController.swift in Sources */,
			);
			runOnlyForDeploymentPostprocessing = 0;
		};
/* End PBXSourcesBuildPhase section */

/* Begin PBXVariantGroup section */
		01BB1C211FAA5C0400C8EEB1 /* Main.storyboard */ = {
			isa = PBXVariantGroup;
			children = (
				01BB1C221FAA5C0400C8EEB1 /* Base */,
			);
			name = Main.storyboard;
			sourceTree = "<group>";
		};
		01BB1C261FAA5C0400C8EEB1 /* LaunchScreen.storyboard */ = {
			isa = PBXVariantGroup;
			children = (
				01BB1C271FAA5C0400C8EEB1 /* Base */,
			);
			name = LaunchScreen.storyboard;
			sourceTree = "<group>";
		};
/* End PBXVariantGroup section */

/* Begin XCBuildConfiguration section */
		01BB1C2A1FAA5C0400C8EEB1 /* Debug */ = {
			isa = XCBuildConfiguration;
			buildSettings = {
				ALWAYS_SEARCH_USER_PATHS = NO;
				CLANG_ANALYZER_NONNULL = YES;
				CLANG_ANALYZER_NUMBER_OBJECT_CONVERSION = YES_AGGRESSIVE;
				CLANG_CXX_LANGUAGE_STANDARD = "gnu++14";
				CLANG_CXX_LIBRARY = "libc++";
				CLANG_ENABLE_MODULES = YES;
				CLANG_ENABLE_OBJC_ARC = YES;
				CLANG_WARN_BLOCK_CAPTURE_AUTORELEASING = YES;
				CLANG_WARN_BOOL_CONVERSION = YES;
				CLANG_WARN_COMMA = YES;
				CLANG_WARN_CONSTANT_CONVERSION = YES;
				CLANG_WARN_DIRECT_OBJC_ISA_USAGE = YES_ERROR;
				CLANG_WARN_DOCUMENTATION_COMMENTS = YES;
				CLANG_WARN_EMPTY_BODY = YES;
				CLANG_WARN_ENUM_CONVERSION = YES;
				CLANG_WARN_INFINITE_RECURSION = YES;
				CLANG_WARN_INT_CONVERSION = YES;
				CLANG_WARN_NON_LITERAL_NULL_CONVERSION = YES;
				CLANG_WARN_OBJC_LITERAL_CONVERSION = YES;
				CLANG_WARN_OBJC_ROOT_CLASS = YES_ERROR;
				CLANG_WARN_RANGE_LOOP_ANALYSIS = YES;
				CLANG_WARN_STRICT_PROTOTYPES = YES;
				CLANG_WARN_SUSPICIOUS_MOVE = YES;
				CLANG_WARN_UNGUARDED_AVAILABILITY = YES_AGGRESSIVE;
				CLANG_WARN_UNREACHABLE_CODE = YES;
				CLANG_WARN__DUPLICATE_METHOD_MATCH = YES;
				CODE_SIGN_IDENTITY = "iPhone Developer";
				COPY_PHASE_STRIP = NO;
				DEBUG_INFORMATION_FORMAT = dwarf;
				ENABLE_STRICT_OBJC_MSGSEND = YES;
				ENABLE_TESTABILITY = YES;
				GCC_C_LANGUAGE_STANDARD = gnu11;
				GCC_DYNAMIC_NO_PIC = NO;
				GCC_NO_COMMON_BLOCKS = YES;
				GCC_OPTIMIZATION_LEVEL = 0;
				GCC_PREPROCESSOR_DEFINITIONS = (
					"DEBUG=1",
					"$(inherited)",
				);
				GCC_WARN_64_TO_32_BIT_CONVERSION = YES;
				GCC_WARN_ABOUT_RETURN_TYPE = YES_ERROR;
				GCC_WARN_UNDECLARED_SELECTOR = YES;
				GCC_WARN_UNINITIALIZED_AUTOS = YES_AGGRESSIVE;
				GCC_WARN_UNUSED_FUNCTION = YES;
				GCC_WARN_UNUSED_VARIABLE = YES;
				IPHONEOS_DEPLOYMENT_TARGET = 11.0;
				MTL_ENABLE_DEBUG_INFO = YES;
				ONLY_ACTIVE_ARCH = YES;
				SDKROOT = iphoneos;
				SWIFT_ACTIVE_COMPILATION_CONDITIONS = DEBUG;
				SWIFT_OPTIMIZATION_LEVEL = "-Onone";
			};
			name = Debug;
		};
		01BB1C2B1FAA5C0400C8EEB1 /* Release */ = {
			isa = XCBuildConfiguration;
			buildSettings = {
				ALWAYS_SEARCH_USER_PATHS = NO;
				CLANG_ANALYZER_NONNULL = YES;
				CLANG_ANALYZER_NUMBER_OBJECT_CONVERSION = YES_AGGRESSIVE;
				CLANG_CXX_LANGUAGE_STANDARD = "gnu++14";
				CLANG_CXX_LIBRARY = "libc++";
				CLANG_ENABLE_MODULES = YES;
				CLANG_ENABLE_OBJC_ARC = YES;
				CLANG_WARN_BLOCK_CAPTURE_AUTORELEASING = YES;
				CLANG_WARN_BOOL_CONVERSION = YES;
				CLANG_WARN_COMMA = YES;
				CLANG_WARN_CONSTANT_CONVERSION = YES;
				CLANG_WARN_DIRECT_OBJC_ISA_USAGE = YES_ERROR;
				CLANG_WARN_DOCUMENTATION_COMMENTS = YES;
				CLANG_WARN_EMPTY_BODY = YES;
				CLANG_WARN_ENUM_CONVERSION = YES;
				CLANG_WARN_INFINITE_RECURSION = YES;
				CLANG_WARN_INT_CONVERSION = YES;
				CLANG_WARN_NON_LITERAL_NULL_CONVERSION = YES;
				CLANG_WARN_OBJC_LITERAL_CONVERSION = YES;
				CLANG_WARN_OBJC_ROOT_CLASS = YES_ERROR;
				CLANG_WARN_RANGE_LOOP_ANALYSIS = YES;
				CLANG_WARN_STRICT_PROTOTYPES = YES;
				CLANG_WARN_SUSPICIOUS_MOVE = YES;
				CLANG_WARN_UNGUARDED_AVAILABILITY = YES_AGGRESSIVE;
				CLANG_WARN_UNREACHABLE_CODE = YES;
				CLANG_WARN__DUPLICATE_METHOD_MATCH = YES;
				CODE_SIGN_IDENTITY = "iPhone Developer";
				COPY_PHASE_STRIP = NO;
				DEBUG_INFORMATION_FORMAT = "dwarf-with-dsym";
				ENABLE_NS_ASSERTIONS = NO;
				ENABLE_STRICT_OBJC_MSGSEND = YES;
				GCC_C_LANGUAGE_STANDARD = gnu11;
				GCC_NO_COMMON_BLOCKS = YES;
				GCC_WARN_64_TO_32_BIT_CONVERSION = YES;
				GCC_WARN_ABOUT_RETURN_TYPE = YES_ERROR;
				GCC_WARN_UNDECLARED_SELECTOR = YES;
				GCC_WARN_UNINITIALIZED_AUTOS = YES_AGGRESSIVE;
				GCC_WARN_UNUSED_FUNCTION = YES;
				GCC_WARN_UNUSED_VARIABLE = YES;
				IPHONEOS_DEPLOYMENT_TARGET = 11.0;
				MTL_ENABLE_DEBUG_INFO = NO;
				SDKROOT = iphoneos;
				SWIFT_OPTIMIZATION_LEVEL = "-Owholemodule";
				VALIDATE_PRODUCT = YES;
			};
			name = Release;
		};
		01BB1C2D1FAA5C0400C8EEB1 /* Debug */ = {
			isa = XCBuildConfiguration;
			buildSettings = {
				ASSETCATALOG_COMPILER_APPICON_NAME = AppIcon;
				CODE_SIGN_STYLE = Automatic;
				DEVELOPMENT_TEAM = MU4CK45G4T;
				INFOPLIST_FILE = "$(SRCROOT)/iTunesSearch/Resources/Info.plist";
				LD_RUNPATH_SEARCH_PATHS = "$(inherited) @executable_path/Frameworks";
				PRODUCT_BUNDLE_IDENTIFIER = com.wesstpeak.iTunesSearch;
				PRODUCT_NAME = "$(TARGET_NAME)";
				SWIFT_VERSION = 4.0;
				TARGETED_DEVICE_FAMILY = "1,2";
			};
			name = Debug;
		};
		01BB1C2E1FAA5C0400C8EEB1 /* Release */ = {
			isa = XCBuildConfiguration;
			buildSettings = {
				ASSETCATALOG_COMPILER_APPICON_NAME = AppIcon;
				CODE_SIGN_STYLE = Automatic;
				DEVELOPMENT_TEAM = MU4CK45G4T;
				INFOPLIST_FILE = "$(SRCROOT)/iTunesSearch/Resources/Info.plist";
				LD_RUNPATH_SEARCH_PATHS = "$(inherited) @executable_path/Frameworks";
				PRODUCT_BUNDLE_IDENTIFIER = com.wesstpeak.iTunesSearch;
				PRODUCT_NAME = "$(TARGET_NAME)";
				SWIFT_VERSION = 4.0;
				TARGETED_DEVICE_FAMILY = "1,2";
			};
			name = Release;
		};
/* End XCBuildConfiguration section */

/* Begin XCConfigurationList section */
		01BB1C151FAA5C0400C8EEB1 /* Build configuration list for PBXProject "iTunesSearch" */ = {
			isa = XCConfigurationList;
			buildConfigurations = (
				01BB1C2A1FAA5C0400C8EEB1 /* Debug */,
				01BB1C2B1FAA5C0400C8EEB1 /* Release */,
			);
			defaultConfigurationIsVisible = 0;
			defaultConfigurationName = Release;
		};
		01BB1C2C1FAA5C0400C8EEB1 /* Build configuration list for PBXNativeTarget "iTunesSearch" */ = {
			isa = XCConfigurationList;
			buildConfigurations = (
				01BB1C2D1FAA5C0400C8EEB1 /* Debug */,
				01BB1C2E1FAA5C0400C8EEB1 /* Release */,
			);
			defaultConfigurationIsVisible = 0;
			defaultConfigurationName = Release;
		};
/* End XCConfigurationList section */
	};
	rootObject = 01BB1C121FAA5C0400C8EEB1 /* Project object */;
}
